
Microsoft Visual Studio Solution File, Format Version 12.00
# Visual Studio Version 16
VisualStudioVersion = 16.0.32228.343
MinimumVisualStudioVersion = 10.0.40219.1
Project("{FAE04EC0-301F-11D3-BF4B-00C04F79EFBC}") = "Task 8.6.3", "Task 8.6.3\Task 8.6.3.csproj", "{2C4D745C-FA70-486A-9127-3903A8A05539}"
EndProject
Global
	GlobalSection(SolutionConfigurationPlatforms) = preSolution
		Debug|Any CPU = Debug|Any CPU
		Release|Any CPU = Release|Any CPU
	EndGlobalSection
	GlobalSection(ProjectConfigurationPlatforms) = postSolution
		{2C4D745C-FA70-486A-9127-3903A8A05539}.Debug|Any CPU.ActiveCfg = Debug|Any CPU
		{2C4D745C-FA70-486A-9127-3903A8A05539}.Debug|Any CPU.Build.0 = Debug|Any CPU
		{2C4D745C-FA70-486A-9127-3903A8A05539}.Release|Any CPU.ActiveCfg = Release|Any CPU
		{2C4D745C-FA70-486A-9127-3903A8A05539}.Release|Any CPU.Build.0 = Release|Any CPU
	EndGlobalSection
	GlobalSection(SolutionProperties) = preSolution
		HideSolutionNode = FALSE
	EndGlobalSection
	GlobalSection(ExtensibilityGlobals) = postSolution
		SolutionGuid = {630F0E79-8997-4845-89C1-EE698773D1FC}
	EndGlobalSection
EndGlobal
